
Microsoft Visual Studio Solution File, Format Version 12.00
# Visual Studio Version 17
VisualStudioVersion = 17.8.34316.72
MinimumVisualStudioVersion = 10.0.40219.1
Project("{9A19103F-16F7-4668-BE54-9A1E7A4F7556}") = "MyGraphQLDotNet", "MyGraphQLDotNet.csproj", "{BD0273FD-9B12-4453-8FBE-D7DFC319C4CD}"
EndProject
Global
	GlobalSection(SolutionConfigurationPlatforms) = preSolution
		Debug|Any CPU = Debug|Any CPU
		Release|Any CPU = Release|Any CPU
	EndGlobalSection
	GlobalSection(ProjectConfigurationPlatforms) = postSolution
		{BD0273FD-9B12-4453-8FBE-D7DFC319C4CD}.Debug|Any CPU.ActiveCfg = Debug|Any CPU
		{BD0273FD-9B12-4453-8FBE-D7DFC319C4CD}.Debug|Any CPU.Build.0 = Debug|Any CPU
		{BD0273FD-9B12-4453-8FBE-D7DFC319C4CD}.Release|Any CPU.ActiveCfg = Release|Any CPU
		{BD0273FD-9B12-4453-8FBE-D7DFC319C4CD}.Release|Any CPU.Build.0 = Release|Any CPU
	EndGlobalSection
	GlobalSection(SolutionProperties) = preSolution
		HideSolutionNode = FALSE
	EndGlobalSection
	GlobalSection(ExtensibilityGlobals) = postSolution
		SolutionGuid = {7D8176FE-7179-464E-97E2-D5B31D9E27CC}
	EndGlobalSection
EndGlobal
